
Microsoft Visual Studio Solution File, Format Version 12.00
# Visual Studio Version 16
VisualStudioVersion = 16.0.29911.84
MinimumVisualStudioVersion = 10.0.40219.1
Project("{FAE04EC0-301F-11D3-BF4B-00C04F79EFBC}") = "TeamCityDeploy", "TeamCityDeploy.csproj", "{5C53DD47-E9ED-482C-A392-D60F0522A967}"
EndProject
Global
	GlobalSection(SolutionConfigurationPlatforms) = preSolution
		Debug|Any CPU = Debug|Any CPU
		Release|Any CPU = Release|Any CPU
	EndGlobalSection
	GlobalSection(ProjectConfigurationPlatforms) = postSolution
		{5C53DD47-E9ED-482C-A392-D60F0522A967}.Debug|Any CPU.ActiveCfg = Debug|Any CPU
		{5C53DD47-E9ED-482C-A392-D60F0522A967}.Debug|Any CPU.Build.0 = Debug|Any CPU
		{5C53DD47-E9ED-482C-A392-D60F0522A967}.Release|Any CPU.ActiveCfg = Release|Any CPU
		{5C53DD47-E9ED-482C-A392-D60F0522A967}.Release|Any CPU.Build.0 = Release|Any CPU
	EndGlobalSection
	GlobalSection(SolutionProperties) = preSolution
		HideSolutionNode = FALSE
	EndGlobalSection
	GlobalSection(ExtensibilityGlobals) = postSolution
		SolutionGuid = {DAE9B5CD-4671-423E-97CB-1D623536883E}
	EndGlobalSection
EndGlobal
